
Microsoft Visual Studio Solution File, Format Version 12.00
# Visual Studio Version 17
VisualStudioVersion = 17.2.32630.192
MinimumVisualStudioVersion = 10.0.40219.1
Project("{9A19103F-16F7-4668-BE54-9A1E7A4F7556}") = "EnergyStar", "EnergyStar\EnergyStar.csproj", "{1C7C559D-8A2F-4C66-8EE0-64D8C97F0FAA}"
EndProject
Global
	GlobalSection(SolutionConfigurationPlatforms) = preSolution
		Debug|Any CPU = Debug|Any CPU
		Release|Any CPU = Release|Any CPU
		ReleaseInvisible|Any CPU = ReleaseInvisible|Any CPU
	EndGlobalSection
	GlobalSection(ProjectConfigurationPlatforms) = postSolution
		{1C7C559D-8A2F-4C66-8EE0-64D8C97F0FAA}.Debug|Any CPU.ActiveCfg = Debug|Any CPU
		{1C7C559D-8A2F-4C66-8EE0-64D8C97F0FAA}.Debug|Any CPU.Build.0 = Debug|Any CPU
		{1C7C559D-8A2F-4C66-8EE0-64D8C97F0FAA}.Release|Any CPU.ActiveCfg = Release|Any CPU
		{1C7C559D-8A2F-4C66-8EE0-64D8C97F0FAA}.Release|Any CPU.Build.0 = Release|Any CPU
		{1C7C559D-8A2F-4C66-8EE0-64D8C97F0FAA}.ReleaseInvisible|Any CPU.ActiveCfg = ReleaseInvisible|Any CPU
		{1C7C559D-8A2F-4C66-8EE0-64D8C97F0FAA}.ReleaseInvisible|Any CPU.Build.0 = ReleaseInvisible|Any CPU
	EndGlobalSection
	GlobalSection(SolutionProperties) = preSolution
		HideSolutionNode = FALSE
	EndGlobalSection
	GlobalSection(ExtensibilityGlobals) = postSolution
		SolutionGuid = {CC4B5FC9-A57D-42EC-A3E3-E14169B4F7F2}
	EndGlobalSection
EndGlobal
